
Microsoft Visual Studio Solution File, Format Version 12.00
# Visual Studio Version 17
VisualStudioVersion = 17.0.31903.59
MinimumVisualStudioVersion = 10.0.40219.1
Project("{2150E333-8FDC-42A3-9474-1A3956D46DE8}") = "src", "src", "{827E0CD3-B72D-47B6-A68D-7590B98EB39B}"
EndProject
Project("{2150E333-8FDC-42A3-9474-1A3956D46DE8}") = "Shared", "Shared", "{C8E42992-5E42-0C2B-DBFE-AA848D06431C}"
EndProject
Project("{FAE04EC0-301F-11D3-BF4B-00C04F79EFBC}") = "FabCopilot.Contracts", "src\Shared\FabCopilot.Contracts\FabCopilot.Contracts.csproj", "{6808B39C-B52C-4AC4-BDA3-DCD24C5D9A42}"
EndProject
Project("{FAE04EC0-301F-11D3-BF4B-00C04F79EFBC}") = "FabCopilot.Messaging", "src\Shared\FabCopilot.Messaging\FabCopilot.Messaging.csproj", "{8A7C8E7A-C93E-4D11-8931-C058CF371600}"
EndProject
Project("{FAE04EC0-301F-11D3-BF4B-00C04F79EFBC}") = "FabCopilot.Redis", "src\Shared\FabCopilot.Redis\FabCopilot.Redis.csproj", "{3B947BC9-48AA-429D-B7BD-DA6D2328FB29}"
EndProject
Project("{FAE04EC0-301F-11D3-BF4B-00C04F79EFBC}") = "FabCopilot.Llm", "src\Shared\FabCopilot.Llm\FabCopilot.Llm.csproj", "{28845700-4B9B-4D79-9185-1BA6864632CC}"
EndProject
Project("{FAE04EC0-301F-11D3-BF4B-00C04F79EFBC}") = "FabCopilot.VectorStore", "src\Shared\FabCopilot.VectorStore\FabCopilot.VectorStore.csproj", "{50D9D5EF-FDD4-4E9C-912F-913CDE94A1C0}"
EndProject
Project("{FAE04EC0-301F-11D3-BF4B-00C04F79EFBC}") = "FabCopilot.Observability", "src\Shared\FabCopilot.Observability\FabCopilot.Observability.csproj", "{8330CA08-C2F4-43A0-9D61-F4427638849C}"
EndProject
Project("{FAE04EC0-301F-11D3-BF4B-00C04F79EFBC}") = "FabCopilot.ChatGateway", "src\Services\FabCopilot.ChatGateway\FabCopilot.ChatGateway.csproj", "{03E7AA14-FB4E-4336-93D8-2FAF2A0F6B4D}"
EndProject
Project("{FAE04EC0-301F-11D3-BF4B-00C04F79EFBC}") = "FabCopilot.LlmService", "src\Services\FabCopilot.LlmService\FabCopilot.LlmService.csproj", "{753C815F-281B-4BE9-BD5B-360A40453AB4}"
EndProject
Project("{FAE04EC0-301F-11D3-BF4B-00C04F79EFBC}") = "FabCopilot.RagService", "src\Services\FabCopilot.RagService\FabCopilot.RagService.csproj", "{A96D113D-3D16-47F6-A2A1-8E355956BEE1}"
EndProject
Project("{FAE04EC0-301F-11D3-BF4B-00C04F79EFBC}") = "FabCopilot.KnowledgeService", "src\Services\FabCopilot.KnowledgeService\FabCopilot.KnowledgeService.csproj", "{21E7278D-01D0-4385-85C0-B4529FCFA21C}"
EndProject
Project("{FAE04EC0-301F-11D3-BF4B-00C04F79EFBC}") = "FabCopilot.AlarmCopilot", "src\Services\FabCopilot.AlarmCopilot\FabCopilot.AlarmCopilot.csproj", "{AF296438-7173-42ED-BA0E-03F29DB32C63}"
EndProject
Project("{FAE04EC0-301F-11D3-BF4B-00C04F79EFBC}") = "FabCopilot.McpLogServer", "src\Services\FabCopilot.McpLogServer\FabCopilot.McpLogServer.csproj", "{93AF0295-E4EB-483E-9522-D2E434938C9F}"
EndProject
Project("{FAE04EC0-301F-11D3-BF4B-00C04F79EFBC}") = "FabCopilot.RcaAgent", "src\Services\FabCopilot.RcaAgent\FabCopilot.RcaAgent.csproj", "{CE2B47B3-D148-41CC-859E-CE97A7E2AF06}"
EndProject
Project("{FAE04EC0-301F-11D3-BF4B-00C04F79EFBC}") = "FabCopilot.WebClient", "src\Client\FabCopilot.WebClient\FabCopilot.WebClient.csproj", "{EED468D3-181D-4F4E-8AE0-729D0DBDBFD3}"
EndProject
Project("{2150E333-8FDC-42A3-9474-1A3956D46DE8}") = "tests", "tests", "{F1A2B3C4-D5E6-F7A8-B9C0-D1E2F3A4B5C6}"
EndProject
Project("{FAE04EC0-301F-11D3-BF4B-00C04F79EFBC}") = "FabCopilot.RagPipeline.Tests", "tests\FabCopilot.RagPipeline.Tests\FabCopilot.RagPipeline.Tests.csproj", "{A1B2C3D4-E5F6-A7B8-C9D0-E1F2A3B4C5D6}"
EndProject
Project("{FAE04EC0-301F-11D3-BF4B-00C04F79EFBC}") = "FabCopilot.Integration.Tests", "tests\FabCopilot.Integration.Tests\FabCopilot.Integration.Tests.csproj", "{824BB7AE-AE34-4306-824A-3ECACACECCC5}"
EndProject
Project("{2150E333-8FDC-42A3-9474-1A3956D46DE8}") = "Client", "Client", "{C5A3B5EA-BE9F-76E5-E9B8-8A22B289B295}"
EndProject
Project("{FAE04EC0-301F-11D3-BF4B-00C04F79EFBC}") = "FabCopilot.ServiceDashboard", "src\Client\FabCopilot.ServiceDashboard\FabCopilot.ServiceDashboard.csproj", "{9A17134F-CC21-4355-AD28-B9DE7563D6D1}"
EndProject
Project("{FAE04EC0-301F-11D3-BF4B-00C04F79EFBC}") = "FabCopilot.ServiceDashboard.Tests", "tests\FabCopilot.ServiceDashboard.Tests\FabCopilot.ServiceDashboard.Tests.csproj", "{CBA5E943-C687-4811-BA99-819D2DEFCBE8}"
EndProject
Global
	GlobalSection(SolutionConfigurationPlatforms) = preSolution
		Debug|Any CPU = Debug|Any CPU
		Debug|x64 = Debug|x64
		Debug|x86 = Debug|x86
		Release|Any CPU = Release|Any CPU
		Release|x64 = Release|x64
		Release|x86 = Release|x86
	EndGlobalSection
	GlobalSection(ProjectConfigurationPlatforms) = postSolution
		{6808B39C-B52C-4AC4-BDA3-DCD24C5D9A42}.Debug|Any CPU.ActiveCfg = Debug|Any CPU
		{6808B39C-B52C-4AC4-BDA3-DCD24C5D9A42}.Debug|Any CPU.Build.0 = Debug|Any CPU
		{6808B39C-B52C-4AC4-BDA3-DCD24C5D9A42}.Debug|x64.ActiveCfg = Debug|Any CPU
		{6808B39C-B52C-4AC4-BDA3-DCD24C5D9A42}.Debug|x64.Build.0 = Debug|Any CPU
		{6808B39C-B52C-4AC4-BDA3-DCD24C5D9A42}.Debug|x86.ActiveCfg = Debug|Any CPU
		{6808B39C-B52C-4AC4-BDA3-DCD24C5D9A42}.Debug|x86.Build.0 = Debug|Any CPU
		{6808B39C-B52C-4AC4-BDA3-DCD24C5D9A42}.Release|Any CPU.ActiveCfg = Release|Any CPU
		{6808B39C-B52C-4AC4-BDA3-DCD24C5D9A42}.Release|Any CPU.Build.0 = Release|Any CPU
		{6808B39C-B52C-4AC4-BDA3-DCD24C5D9A42}.Release|x64.ActiveCfg = Release|Any CPU
		{6808B39C-B52C-4AC4-BDA3-DCD24C5D9A42}.Release|x64.Build.0 = Release|Any CPU
		{6808B39C-B52C-4AC4-BDA3-DCD24C5D9A42}.Release|x86.ActiveCfg = Release|Any CPU
		{6808B39C-B52C-4AC4-BDA3-DCD24C5D9A42}.Release|x86.Build.0 = Release|Any CPU
		{8A7C8E7A-C93E-4D11-8931-C058CF371600}.Debug|Any CPU.ActiveCfg = Debug|Any CPU
		{8A7C8E7A-C93E-4D11-8931-C058CF371600}.Debug|Any CPU.Build.0 = Debug|Any CPU
		{8A7C8E7A-C93E-4D11-8931-C058CF371600}.Debug|x64.ActiveCfg = Debug|Any CPU
		{8A7C8E7A-C93E-4D11-8931-C058CF371600}.Debug|x64.Build.0 = Debug|Any CPU
		{8A7C8E7A-C93E-4D11-8931-C058CF371600}.Debug|x86.ActiveCfg = Debug|Any CPU
		{8A7C8E7A-C93E-4D11-8931-C058CF371600}.Debug|x86.Build.0 = Debug|Any CPU
		{8A7C8E7A-C93E-4D11-8931-C058CF371600}.Release|Any CPU.ActiveCfg = Release|Any CPU
		{8A7C8E7A-C93E-4D11-8931-C058CF371600}.Release|Any CPU.Build.0 = Release|Any CPU
		{8A7C8E7A-C93E-4D11-8931-C058CF371600}.Release|x64.ActiveCfg = Release|Any CPU
		{8A7C8E7A-C93E-4D11-8931-C058CF371600}.Release|x64.Build.0 = Release|Any CPU
		{8A7C8E7A-C93E-4D11-8931-C058CF371600}.Release|x86.ActiveCfg = Release|Any CPU
		{8A7C8E7A-C93E-4D11-8931-C058CF371600}.Release|x86.Build.0 = Release|Any CPU
		{3B947BC9-48AA-429D-B7BD-DA6D2328FB29}.Debug|Any CPU.ActiveCfg = Debug|Any CPU
		{3B947BC9-48AA-429D-B7BD-DA6D2328FB29}.Debug|Any CPU.Build.0 = Debug|Any CPU
		{3B947BC9-48AA-429D-B7BD-DA6D2328FB29}.Debug|x64.ActiveCfg = Debug|Any CPU
		{3B947BC9-48AA-429D-B7BD-DA6D2328FB29}.Debug|x64.Build.0 = Debug|Any CPU
		{3B947BC9-48AA-429D-B7BD-DA6D2328FB29}.Debug|x86.ActiveCfg = Debug|Any CPU
		{3B947BC9-48AA-429D-B7BD-DA6D2328FB29}.Debug|x86.Build.0 = Debug|Any CPU
		{3B947BC9-48AA-429D-B7BD-DA6D2328FB29}.Release|Any CPU.ActiveCfg = Release|Any CPU
		{3B947BC9-48AA-429D-B7BD-DA6D2328FB29}.Release|Any CPU.Build.0 = Release|Any CPU
		{3B947BC9-48AA-429D-B7BD-DA6D2328FB29}.Release|x64.ActiveCfg = Release|Any CPU
		{3B947BC9-48AA-429D-B7BD-DA6D2328FB29}.Release|x64.Build.0 = Release|Any CPU
		{3B947BC9-48AA-429D-B7BD-DA6D2328FB29}.Release|x86.ActiveCfg = Release|Any CPU
		{3B947BC9-48AA-429D-B7BD-DA6D2328FB29}.Release|x86.Build.0 = Release|Any CPU
		{28845700-4B9B-4D79-9185-1BA6864632CC}.Debug|Any CPU.ActiveCfg = Debug|Any CPU
		{28845700-4B9B-4D79-9185-1BA6864632CC}.Debug|Any CPU.Build.0 = Debug|Any CPU
		{28845700-4B9B-4D79-9185-1BA6864632CC}.Debug|x64.ActiveCfg = Debug|Any CPU
		{28845700-4B9B-4D79-9185-1BA6864632CC}.Debug|x64.Build.0 = Debug|Any CPU
		{28845700-4B9B-4D79-9185-1BA6864632CC}.Debug|x86.ActiveCfg = Debug|Any CPU
		{28845700-4B9B-4D79-9185-1BA6864632CC}.Debug|x86.Build.0 = Debug|Any CPU
		{28845700-4B9B-4D79-9185-1BA6864632CC}.Release|Any CPU.ActiveCfg = Release|Any CPU
		{28845700-4B9B-4D79-9185-1BA6864632CC}.Release|Any CPU.Build.0 = Release|Any CPU
		{28845700-4B9B-4D79-9185-1BA6864632CC}.Release|x64.ActiveCfg = Release|Any CPU
		{28845700-4B9B-4D79-9185-1BA6864632CC}.Release|x64.Build.0 = Release|Any CPU
		{28845700-4B9B-4D79-9185-1BA6864632CC}.Release|x86.ActiveCfg = Release|Any CPU
		{28845700-4B9B-4D79-9185-1BA6864632CC}.Release|x86.Build.0 = Release|Any CPU
		{50D9D5EF-FDD4-4E9C-912F-913CDE94A1C0}.Debug|Any CPU.ActiveCfg = Debug|Any CPU
		{50D9D5EF-FDD4-4E9C-912F-913CDE94A1C0}.Debug|Any CPU.Build.0 = Debug|Any CPU
		{50D9D5EF-FDD4-4E9C-912F-913CDE94A1C0}.Debug|x64.ActiveCfg = Debug|Any CPU
		{50D9D5EF-FDD4-4E9C-912F-913CDE94A1C0}.Debug|x64.Build.0 = Debug|Any CPU
		{50D9D5EF-FDD4-4E9C-912F-913CDE94A1C0}.Debug|x86.ActiveCfg = Debug|Any CPU
		{50D9D5EF-FDD4-4E9C-912F-913CDE94A1C0}.Debug|x86.Build.0 = Debug|Any CPU
		{50D9D5EF-FDD4-4E9C-912F-913CDE94A1C0}.Release|Any CPU.ActiveCfg = Release|Any CPU
		{50D9D5EF-FDD4-4E9C-912F-913CDE94A1C0}.Release|Any CPU.Build.0 = Release|Any CPU
		{50D9D5EF-FDD4-4E9C-912F-913CDE94A1C0}.Release|x64.ActiveCfg = Release|Any CPU
		{50D9D5EF-FDD4-4E9C-912F-913CDE94A1C0}.Release|x64.Build.0 = Release|Any CPU
		{50D9D5EF-FDD4-4E9C-912F-913CDE94A1C0}.Release|x86.ActiveCfg = Release|Any CPU
		{50D9D5EF-FDD4-4E9C-912F-913CDE94A1C0}.Release|x86.Build.0 = Release|Any CPU
		{8330CA08-C2F4-43A0-9D61-F4427638849C}.Debug|Any CPU.ActiveCfg = Debug|Any CPU
		{8330CA08-C2F4-43A0-9D61-F4427638849C}.Debug|Any CPU.Build.0 = Debug|Any CPU
		{8330CA08-C2F4-43A0-9D61-F4427638849C}.Debug|x64.ActiveCfg = Debug|Any CPU
		{8330CA08-C2F4-43A0-9D61-F4427638849C}.Debug|x64.Build.0 = Debug|Any CPU
		{8330CA08-C2F4-43A0-9D61-F4427638849C}.Debug|x86.ActiveCfg = Debug|Any CPU
		{8330CA08-C2F4-43A0-9D61-F4427638849C}.Debug|x86.Build.0 = Debug|Any CPU
		{8330CA08-C2F4-43A0-9D61-F4427638849C}.Release|Any CPU.ActiveCfg = Release|Any CPU
		{8330CA08-C2F4-43A0-9D61-F4427638849C}.Release|Any CPU.Build.0 = Release|Any CPU
		{8330CA08-C2F4-43A0-9D61-F4427638849C}.Release|x64.ActiveCfg = Release|Any CPU
		{8330CA08-C2F4-43A0-9D61-F4427638849C}.Release|x64.Build.0 = Release|Any CPU
		{8330CA08-C2F4-43A0-9D61-F4427638849C}.Release|x86.ActiveCfg = Release|Any CPU
		{8330CA08-C2F4-43A0-9D61-F4427638849C}.Release|x86.Build.0 = Release|Any CPU
		{03E7AA14-FB4E-4336-93D8-2FAF2A0F6B4D}.Debug|Any CPU.ActiveCfg = Debug|Any CPU
		{03E7AA14-FB4E-4336-93D8-2FAF2A0F6B4D}.Debug|Any CPU.Build.0 = Debug|Any CPU
		{03E7AA14-FB4E-4336-93D8-2FAF2A0F6B4D}.Debug|x64.ActiveCfg = Debug|Any CPU
		{03E7AA14-FB4E-4336-93D8-2FAF2A0F6B4D}.Debug|x64.Build.0 = Debug|Any CPU
		{03E7AA14-FB4E-4336-93D8-2FAF2A0F6B4D}.Debug|x86.ActiveCfg = Debug|Any CPU
		{03E7AA14-FB4E-4336-93D8-2FAF2A0F6B4D}.Debug|x86.Build.0 = Debug|Any CPU
		{03E7AA14-FB4E-4336-93D8-2FAF2A0F6B4D}.Release|Any CPU.ActiveCfg = Release|Any CPU
		{03E7AA14-FB4E-4336-93D8-2FAF2A0F6B4D}.Release|Any CPU.Build.0 = Release|Any CPU
		{03E7AA14-FB4E-4336-93D8-2FAF2A0F6B4D}.Release|x64.ActiveCfg = Release|Any CPU
		{03E7AA14-FB4E-4336-93D8-2FAF2A0F6B4D}.Release|x64.Build.0 = Release|Any CPU
		{03E7AA14-FB4E-4336-93D8-2FAF2A0F6B4D}.Release|x86.ActiveCfg = Release|Any CPU
		{03E7AA14-FB4E-4336-93D8-2FAF2A0F6B4D}.Release|x86.Build.0 = Release|Any CPU
		{753C815F-281B-4BE9-BD5B-360A40453AB4}.Debug|Any CPU.ActiveCfg = Debug|Any CPU
		{753C815F-281B-4BE9-BD5B-360A40453AB4}.Debug|Any CPU.Build.0 = Debug|Any CPU
		{753C815F-281B-4BE9-BD5B-360A40453AB4}.Debug|x64.ActiveCfg = Debug|Any CPU
		{753C815F-281B-4BE9-BD5B-360A40453AB4}.Debug|x64.Build.0 = Debug|Any CPU
		{753C815F-281B-4BE9-BD5B-360A40453AB4}.Debug|x86.ActiveCfg = Debug|Any CPU
		{753C815F-281B-4BE9-BD5B-360A40453AB4}.Debug|x86.Build.0 = Debug|Any CPU
		{753C815F-281B-4BE9-BD5B-360A40453AB4}.Release|Any CPU.ActiveCfg = Release|Any CPU
		{753C815F-281B-4BE9-BD5B-360A40453AB4}.Release|Any CPU.Build.0 = Release|Any CPU
		{753C815F-281B-4BE9-BD5B-360A40453AB4}.Release|x64.ActiveCfg = Release|Any CPU
		{753C815F-281B-4BE9-BD5B-360A40453AB4}.Release|x64.Build.0 = Release|Any CPU
		{753C815F-281B-4BE9-BD5B-360A40453AB4}.Release|x86.ActiveCfg = Release|Any CPU
		{753C815F-281B-4BE9-BD5B-360A40453AB4}.Release|x86.Build.0 = Release|Any CPU
		{A96D113D-3D16-47F6-A2A1-8E355956BEE1}.Debug|Any CPU.ActiveCfg = Debug|Any CPU
		{A96D113D-3D16-47F6-A2A1-8E355956BEE1}.Debug|Any CPU.Build.0 = Debug|Any CPU
		{A96D113D-3D16-47F6-A2A1-8E355956BEE1}.Debug|x64.ActiveCfg = Debug|Any CPU
		{A96D113D-3D16-47F6-A2A1-8E355956BEE1}.Debug|x64.Build.0 = Debug|Any CPU
		{A96D113D-3D16-47F6-A2A1-8E355956BEE1}.Debug|x86.ActiveCfg = Debug|Any CPU
		{A96D113D-3D16-47F6-A2A1-8E355956BEE1}.Debug|x86.Build.0 = Debug|Any CPU
		{A96D113D-3D16-47F6-A2A1-8E355956BEE1}.Release|Any CPU.ActiveCfg = Release|Any CPU
		{A96D113D-3D16-47F6-A2A1-8E355956BEE1}.Release|Any CPU.Build.0 = Release|Any CPU
		{A96D113D-3D16-47F6-A2A1-8E355956BEE1}.Release|x64.ActiveCfg = Release|Any CPU
		{A96D113D-3D16-47F6-A2A1-8E355956BEE1}.Release|x64.Build.0 = Release|Any CPU
		{A96D113D-3D16-47F6-A2A1-8E355956BEE1}.Release|x86.ActiveCfg = Release|Any CPU
		{A96D113D-3D16-47F6-A2A1-8E355956BEE1}.Release|x86.Build.0 = Release|Any CPU
		{21E7278D-01D0-4385-85C0-B4529FCFA21C}.Debug|Any CPU.ActiveCfg = Debug|Any CPU
		{21E7278D-01D0-4385-85C0-B4529FCFA21C}.Debug|Any CPU.Build.0 = Debug|Any CPU
		{21E7278D-01D0-4385-85C0-B4529FCFA21C}.Debug|x64.ActiveCfg = Debug|Any CPU
		{21E7278D-01D0-4385-85C0-B4529FCFA21C}.Debug|x64.Build.0 = Debug|Any CPU
		{21E7278D-01D0-4385-85C0-B4529FCFA21C}.Debug|x86.ActiveCfg = Debug|Any CPU
		{21E7278D-01D0-4385-85C0-B4529FCFA21C}.Debug|x86.Build.0 = Debug|Any CPU
		{21E7278D-01D0-4385-85C0-B4529FCFA21C}.Release|Any CPU.ActiveCfg = Release|Any CPU
		{21E7278D-01D0-4385-85C0-B4529FCFA21C}.Release|Any CPU.Build.0 = Release|Any CPU
		{21E7278D-01D0-4385-85C0-B4529FCFA21C}.Release|x64.ActiveCfg = Release|Any CPU
		{21E7278D-01D0-4385-85C0-B4529FCFA21C}.Release|x64.Build.0 = Release|Any CPU
		{21E7278D-01D0-4385-85C0-B4529FCFA21C}.Release|x86.ActiveCfg = Release|Any CPU
		{21E7278D-01D0-4385-85C0-B4529FCFA21C}.Release|x86.Build.0 = Release|Any CPU
		{AF296438-7173-42ED-BA0E-03F29DB32C63}.Debug|Any CPU.ActiveCfg = Debug|Any CPU
		{AF296438-7173-42ED-BA0E-03F29DB32C63}.Debug|Any CPU.Build.0 = Debug|Any CPU
		{AF296438-7173-42ED-BA0E-03F29DB32C63}.Debug|x64.ActiveCfg = Debug|Any CPU
		{AF296438-7173-42ED-BA0E-03F29DB32C63}.Debug|x64.Build.0 = Debug|Any CPU
		{AF296438-7173-42ED-BA0E-03F29DB32C63}.Debug|x86.ActiveCfg = Debug|Any CPU
		{AF296438-7173-42ED-BA0E-03F29DB32C63}.Debug|x86.Build.0 = Debug|Any CPU
		{AF296438-7173-42ED-BA0E-03F29DB32C63}.Release|Any CPU.ActiveCfg = Release|Any CPU
		{AF296438-7173-42ED-BA0E-03F29DB32C63}.Release|Any CPU.Build.0 = Release|Any CPU
		{AF296438-7173-42ED-BA0E-03F29DB32C63}.Release|x64.ActiveCfg = Release|Any CPU
		{AF296438-7173-42ED-BA0E-03F29DB32C63}.Release|x64.Build.0 = Release|Any CPU
		{AF296438-7173-42ED-BA0E-03F29DB32C63}.Release|x86.ActiveCfg = Release|Any CPU
		{AF296438-7173-42ED-BA0E-03F29DB32C63}.Release|x86.Build.0 = Release|Any CPU
		{93AF0295-E4EB-483E-9522-D2E434938C9F}.Debug|Any CPU.ActiveCfg = Debug|Any CPU
		{93AF0295-E4EB-483E-9522-D2E434938C9F}.Debug|Any CPU.Build.0 = Debug|Any CPU
		{93AF0295-E4EB-483E-9522-D2E434938C9F}.Debug|x64.ActiveCfg = Debug|Any CPU
		{93AF0295-E4EB-483E-9522-D2E434938C9F}.Debug|x64.Build.0 = Debug|Any CPU
		{93AF0295-E4EB-483E-9522-D2E434938C9F}.Debug|x86.ActiveCfg = Debug|Any CPU
		{93AF0295-E4EB-483E-9522-D2E434938C9F}.Debug|x86.Build.0 = Debug|Any CPU
		{93AF0295-E4EB-483E-9522-D2E434938C9F}.Release|Any CPU.ActiveCfg = Release|Any CPU
		{93AF0295-E4EB-483E-9522-D2E434938C9F}.Release|Any CPU.Build.0 = Release|Any CPU
		{93AF0295-E4EB-483E-9522-D2E434938C9F}.Release|x64.ActiveCfg = Release|Any CPU
		{93AF0295-E4EB-483E-9522-D2E434938C9F}.Release|x64.Build.0 = Release|Any CPU
		{93AF0295-E4EB-483E-9522-D2E434938C9F}.Release|x86.ActiveCfg = Release|Any CPU
		{93AF0295-E4EB-483E-9522-D2E434938C9F}.Release|x86.Build.0 = Release|Any CPU
		{CE2B47B3-D148-41CC-859E-CE97A7E2AF06}.Debug|Any CPU.ActiveCfg = Debug|Any CPU
		{CE2B47B3-D148-41CC-859E-CE97A7E2AF06}.Debug|Any CPU.Build.0 = Debug|Any CPU
		{CE2B47B3-D148-41CC-859E-CE97A7E2AF06}.Debug|x64.ActiveCfg = Debug|Any CPU
		{CE2B47B3-D148-41CC-859E-CE97A7E2AF06}.Debug|x64.Build.0 = Debug|Any CPU
		{CE2B47B3-D148-41CC-859E-CE97A7E2AF06}.Debug|x86.ActiveCfg = Debug|Any CPU
		{CE2B47B3-D148-41CC-859E-CE97A7E2AF06}.Debug|x86.Build.0 = Debug|Any CPU
		{CE2B47B3-D148-41CC-859E-CE97A7E2AF06}.Release|Any CPU.ActiveCfg = Release|Any CPU
		{CE2B47B3-D148-41CC-859E-CE97A7E2AF06}.Release|Any CPU.Build.0 = Release|Any CPU
		{CE2B47B3-D148-41CC-859E-CE97A7E2AF06}.Release|x64.ActiveCfg = Release|Any CPU
		{CE2B47B3-D148-41CC-859E-CE97A7E2AF06}.Release|x64.Build.0 = Release|Any CPU
		{CE2B47B3-D148-41CC-859E-CE97A7E2AF06}.Release|x86.ActiveCfg = Release|Any CPU
		{CE2B47B3-D148-41CC-859E-CE97A7E2AF06}.Release|x86.Build.0 = Release|Any CPU
		{EED468D3-181D-4F4E-8AE0-729D0DBDBFD3}.Debug|Any CPU.ActiveCfg = Debug|Any CPU
		{EED468D3-181D-4F4E-8AE0-729D0DBDBFD3}.Debug|Any CPU.Build.0 = Debug|Any CPU
		{EED468D3-181D-4F4E-8AE0-729D0DBDBFD3}.Debug|x64.ActiveCfg = Debug|Any CPU
		{EED468D3-181D-4F4E-8AE0-729D0DBDBFD3}.Debug|x64.Build.0 = Debug|Any CPU
		{EED468D3-181D-4F4E-8AE0-729D0DBDBFD3}.Debug|x86.ActiveCfg = Debug|Any CPU
		{EED468D3-181D-4F4E-8AE0-729D0DBDBFD3}.Debug|x86.Build.0 = Debug|Any CPU
		{EED468D3-181D-4F4E-8AE0-729D0DBDBFD3}.Release|Any CPU.ActiveCfg = Release|Any CPU
		{EED468D3-181D-4F4E-8AE0-729D0DBDBFD3}.Release|Any CPU.Build.0 = Release|Any CPU
		{EED468D3-181D-4F4E-8AE0-729D0DBDBFD3}.Release|x64.ActiveCfg = Release|Any CPU
		{EED468D3-181D-4F4E-8AE0-729D0DBDBFD3}.Release|x64.Build.0 = Release|Any CPU
		{EED468D3-181D-4F4E-8AE0-729D0DBDBFD3}.Release|x86.ActiveCfg = Release|Any CPU
		{EED468D3-181D-4F4E-8AE0-729D0DBDBFD3}.Release|x86.Build.0 = Release|Any CPU
		{A1B2C3D4-E5F6-A7B8-C9D0-E1F2A3B4C5D6}.Debug|Any CPU.ActiveCfg = Debug|Any CPU
		{A1B2C3D4-E5F6-A7B8-C9D0-E1F2A3B4C5D6}.Debug|Any CPU.Build.0 = Debug|Any CPU
		{A1B2C3D4-E5F6-A7B8-C9D0-E1F2A3B4C5D6}.Debug|x64.ActiveCfg = Debug|Any CPU
		{A1B2C3D4-E5F6-A7B8-C9D0-E1F2A3B4C5D6}.Debug|x64.Build.0 = Debug|Any CPU
		{A1B2C3D4-E5F6-A7B8-C9D0-E1F2A3B4C5D6}.Debug|x86.ActiveCfg = Debug|Any CPU
		{A1B2C3D4-E5F6-A7B8-C9D0-E1F2A3B4C5D6}.Debug|x86.Build.0 = Debug|Any CPU
		{A1B2C3D4-E5F6-A7B8-C9D0-E1F2A3B4C5D6}.Release|Any CPU.ActiveCfg = Release|Any CPU
		{A1B2C3D4-E5F6-A7B8-C9D0-E1F2A3B4C5D6}.Release|Any CPU.Build.0 = Release|Any CPU
		{A1B2C3D4-E5F6-A7B8-C9D0-E1F2A3B4C5D6}.Release|x64.ActiveCfg = Release|Any CPU
		{A1B2C3D4-E5F6-A7B8-C9D0-E1F2A3B4C5D6}.Release|x64.Build.0 = Release|Any CPU
		{A1B2C3D4-E5F6-A7B8-C9D0-E1F2A3B4C5D6}.Release|x86.ActiveCfg = Release|Any CPU
		{A1B2C3D4-E5F6-A7B8-C9D0-E1F2A3B4C5D6}.Release|x86.Build.0 = Release|Any CPU
		{824BB7AE-AE34-4306-824A-3ECACACECCC5}.Debug|Any CPU.ActiveCfg = Debug|Any CPU
		{824BB7AE-AE34-4306-824A-3ECACACECCC5}.Debug|Any CPU.Build.0 = Debug|Any CPU
		{824BB7AE-AE34-4306-824A-3ECACACECCC5}.Debug|x64.ActiveCfg = Debug|Any CPU
		{824BB7AE-AE34-4306-824A-3ECACACECCC5}.Debug|x64.Build.0 = Debug|Any CPU
		{824BB7AE-AE34-4306-824A-3ECACACECCC5}.Debug|x86.ActiveCfg = Debug|Any CPU
		{824BB7AE-AE34-4306-824A-3ECACACECCC5}.Debug|x86.Build.0 = Debug|Any CPU
		{824BB7AE-AE34-4306-824A-3ECACACECCC5}.Release|Any CPU.ActiveCfg = Release|Any CPU
		{824BB7AE-AE34-4306-824A-3ECACACECCC5}.Release|Any CPU.Build.0 = Release|Any CPU
		{824BB7AE-AE34-4306-824A-3ECACACECCC5}.Release|x64.ActiveCfg = Release|Any CPU
		{824BB7AE-AE34-4306-824A-3ECACACECCC5}.Release|x64.Build.0 = Release|Any CPU
		{824BB7AE-AE34-4306-824A-3ECACACECCC5}.Release|x86.ActiveCfg = Release|Any CPU
		{824BB7AE-AE34-4306-824A-3ECACACECCC5}.Release|x86.Build.0 = Release|Any CPU
		{9A17134F-CC21-4355-AD28-B9DE7563D6D1}.Debug|Any CPU.ActiveCfg = Debug|Any CPU
		{9A17134F-CC21-4355-AD28-B9DE7563D6D1}.Debug|Any CPU.Build.0 = Debug|Any CPU
		{9A17134F-CC21-4355-AD28-B9DE7563D6D1}.Debug|x64.ActiveCfg = Debug|Any CPU
		{9A17134F-CC21-4355-AD28-B9DE7563D6D1}.Debug|x64.Build.0 = Debug|Any CPU
		{9A17134F-CC21-4355-AD28-B9DE7563D6D1}.Debug|x86.ActiveCfg = Debug|Any CPU
		{9A17134F-CC21-4355-AD28-B9DE7563D6D1}.Debug|x86.Build.0 = Debug|Any CPU
		{9A17134F-CC21-4355-AD28-B9DE7563D6D1}.Release|Any CPU.ActiveCfg = Release|Any CPU
		{9A17134F-CC21-4355-AD28-B9DE7563D6D1}.Release|Any CPU.Build.0 = Release|Any CPU
		{9A17134F-CC21-4355-AD28-B9DE7563D6D1}.Release|x64.ActiveCfg = Release|Any CPU
		{9A17134F-CC21-4355-AD28-B9DE7563D6D1}.Release|x64.Build.0 = Release|Any CPU
		{9A17134F-CC21-4355-AD28-B9DE7563D6D1}.Release|x86.ActiveCfg = Release|Any CPU
		{9A17134F-CC21-4355-AD28-B9DE7563D6D1}.Release|x86.Build.0 = Release|Any CPU
		{CBA5E943-C687-4811-BA99-819D2DEFCBE8}.Debug|Any CPU.ActiveCfg = Debug|Any CPU
		{CBA5E943-C687-4811-BA99-819D2DEFCBE8}.Debug|Any CPU.Build.0 = Debug|Any CPU
		{CBA5E943-C687-4811-BA99-819D2DEFCBE8}.Debug|x64.ActiveCfg = Debug|Any CPU
		{CBA5E943-C687-4811-BA99-819D2DEFCBE8}.Debug|x64.Build.0 = Debug|Any CPU
		{CBA5E943-C687-4811-BA99-819D2DEFCBE8}.Debug|x86.ActiveCfg = Debug|Any CPU
		{CBA5E943-C687-4811-BA99-819D2DEFCBE8}.Debug|x86.Build.0 = Debug|Any CPU
		{CBA5E943-C687-4811-BA99-819D2DEFCBE8}.Release|Any CPU.ActiveCfg = Release|Any CPU
		{CBA5E943-C687-4811-BA99-819D2DEFCBE8}.Release|Any CPU.Build.0 = Release|Any CPU
		{CBA5E943-C687-4811-BA99-819D2DEFCBE8}.Release|x64.ActiveCfg = Release|Any CPU
		{CBA5E943-C687-4811-BA99-819D2DEFCBE8}.Release|x64.Build.0 = Release|Any CPU
		{CBA5E943-C687-4811-BA99-819D2DEFCBE8}.Release|x86.ActiveCfg = Release|Any CPU
		{CBA5E943-C687-4811-BA99-819D2DEFCBE8}.Release|x86.Build.0 = Release|Any CPU
	EndGlobalSection
	GlobalSection(SolutionProperties) = preSolution
		HideSolutionNode = FALSE
	EndGlobalSection
	GlobalSection(NestedProjects) = preSolution
		{C8E42992-5E42-0C2B-DBFE-AA848D06431C} = {827E0CD3-B72D-47B6-A68D-7590B98EB39B}
		{6808B39C-B52C-4AC4-BDA3-DCD24C5D9A42} = {C8E42992-5E42-0C2B-DBFE-AA848D06431C}
		{8A7C8E7A-C93E-4D11-8931-C058CF371600} = {C8E42992-5E42-0C2B-DBFE-AA848D06431C}
		{3B947BC9-48AA-429D-B7BD-DA6D2328FB29} = {C8E42992-5E42-0C2B-DBFE-AA848D06431C}
		{28845700-4B9B-4D79-9185-1BA6864632CC} = {C8E42992-5E42-0C2B-DBFE-AA848D06431C}
		{50D9D5EF-FDD4-4E9C-912F-913CDE94A1C0} = {C8E42992-5E42-0C2B-DBFE-AA848D06431C}
		{8330CA08-C2F4-43A0-9D61-F4427638849C} = {C8E42992-5E42-0C2B-DBFE-AA848D06431C}
		{03E7AA14-FB4E-4336-93D8-2FAF2A0F6B4D} = {C8E42992-5E42-0C2B-DBFE-AA848D06431C}
		{753C815F-281B-4BE9-BD5B-360A40453AB4} = {C8E42992-5E42-0C2B-DBFE-AA848D06431C}
		{A96D113D-3D16-47F6-A2A1-8E355956BEE1} = {C8E42992-5E42-0C2B-DBFE-AA848D06431C}
		{21E7278D-01D0-4385-85C0-B4529FCFA21C} = {C8E42992-5E42-0C2B-DBFE-AA848D06431C}
		{AF296438-7173-42ED-BA0E-03F29DB32C63} = {C8E42992-5E42-0C2B-DBFE-AA848D06431C}
		{93AF0295-E4EB-483E-9522-D2E434938C9F} = {C8E42992-5E42-0C2B-DBFE-AA848D06431C}
		{CE2B47B3-D148-41CC-859E-CE97A7E2AF06} = {C8E42992-5E42-0C2B-DBFE-AA848D06431C}
		{EED468D3-181D-4F4E-8AE0-729D0DBDBFD3} = {C8E42992-5E42-0C2B-DBFE-AA848D06431C}
		{A1B2C3D4-E5F6-A7B8-C9D0-E1F2A3B4C5D6} = {F1A2B3C4-D5E6-F7A8-B9C0-D1E2F3A4B5C6}
		{824BB7AE-AE34-4306-824A-3ECACACECCC5} = {F1A2B3C4-D5E6-F7A8-B9C0-D1E2F3A4B5C6}
		{C5A3B5EA-BE9F-76E5-E9B8-8A22B289B295} = {827E0CD3-B72D-47B6-A68D-7590B98EB39B}
		{9A17134F-CC21-4355-AD28-B9DE7563D6D1} = {C5A3B5EA-BE9F-76E5-E9B8-8A22B289B295}
		{CBA5E943-C687-4811-BA99-819D2DEFCBE8} = {F1A2B3C4-D5E6-F7A8-B9C0-D1E2F3A4B5C6}
	EndGlobalSection
EndGlobal
